// !$*UTF8*$!
{
	archiveVersion = 1;
	classes = {
	};
	objectVersion = 50;
	objects = {

/* Begin PBXBuildFile section */
		1F5327F4262CA94000C8A8B0 /* AppDelegate.swift in Sources */ = {isa = PBXBuildFile; fileRef = 1F5327F3262CA94000C8A8B0 /* AppDelegate.swift */; };
		1F5327F6262CA94000C8A8B0 /* SceneDelegate.swift in Sources */ = {isa = PBXBuildFile; fileRef = 1F5327F5262CA94000C8A8B0 /* SceneDelegate.swift */; };
		1F5327F8262CA94000C8A8B0 /* ViewController.swift in Sources */ = {isa = PBXBuildFile; fileRef = 1F5327F7262CA94000C8A8B0 /* ViewController.swift */; };
		1F5327FB262CA94000C8A8B0 /* Main.storyboard in Resources */ = {isa = PBXBuildFile; fileRef = 1F5327F9262CA94000C8A8B0 /* Main.storyboard */; };
		1F5327FD262CA94100C8A8B0 /* Assets.xcassets in Resources */ = {isa = PBXBuildFile; fileRef = 1F5327FC262CA94100C8A8B0 /* Assets.xcassets */; };
		1F532800262CA94100C8A8B0 /* LaunchScreen.storyboard in Resources */ = {isa = PBXBuildFile; fileRef = 1F5327FE262CA94100C8A8B0 /* LaunchScreen.storyboard */; };
		1F53280A262CAA3D00C8A8B0 /* NetworkManager.swift in Sources */ = {isa = PBXBuildFile; fileRef = 1F532809262CAA3D00C8A8B0 /* NetworkManager.swift */; };
		1F53280E262CAE4800C8A8B0 /* Person.swift in Sources */ = {isa = PBXBuildFile; fileRef = 1F53280D262CAE4800C8A8B0 /* Person.swift */; };
		1F532811262CAF4500C8A8B0 /* SWAPIEnvelope.swift in Sources */ = {isa = PBXBuildFile; fileRef = 1F532810262CAF4500C8A8B0 /* SWAPIEnvelope.swift */; };
		1F532814262CAF7800C8A8B0 /* Film.swift in Sources */ = {isa = PBXBuildFile; fileRef = 1F532813262CAF7800C8A8B0 /* Film.swift */; };
		1F532817262CB0BC00C8A8B0 /* GenericNetworkManager.swift in Sources */ = {isa = PBXBuildFile; fileRef = 1F532816262CB0BC00C8A8B0 /* GenericNetworkManager.swift */; };
		1F53281B262CDD0F00C8A8B0 /* RegularTableView.swift in Sources */ = {isa = PBXBuildFile; fileRef = 1F53281A262CDD0F00C8A8B0 /* RegularTableView.swift */; };
		1F53281F262CE1FA00C8A8B0 /* GenericTableView.swift in Sources */ = {isa = PBXBuildFile; fileRef = 1F53281E262CE1FA00C8A8B0 /* GenericTableView.swift */; };
		1F532822262CE38600C8A8B0 /* PersonCell.swift in Sources */ = {isa = PBXBuildFile; fileRef = 1F532821262CE38600C8A8B0 /* PersonCell.swift */; };
/* End PBXBuildFile section */

/* Begin PBXFileReference section */
		1F5327F0262CA94000C8A8B0 /* GenericNetworkManager.app */ = {isa = PBXFileReference; explicitFileType = wrapper.application; includeInIndex = 0; path = GenericNetworkManager.app; sourceTree = BUILT_PRODUCTS_DIR; };
		1F5327F3262CA94000C8A8B0 /* AppDelegate.swift */ = {isa = PBXFileReference; lastKnownFileType = sourcecode.swift; path = AppDelegate.swift; sourceTree = "<group>"; };
		1F5327F5262CA94000C8A8B0 /* SceneDelegate.swift */ = {isa = PBXFileReference; lastKnownFileType = sourcecode.swift; path = SceneDelegate.swift; sourceTree = "<group>"; };
		1F5327F7262CA94000C8A8B0 /* ViewController.swift */ = {isa = PBXFileReference; lastKnownFileType = sourcecode.swift; path = ViewController.swift; sourceTree = "<group>"; };
		1F5327FA262CA94000C8A8B0 /* Base */ = {isa = PBXFileReference; lastKnownFileType = file.storyboard; name = Base; path = Base.lproj/Main.storyboard; sourceTree = "<group>"; };
		1F5327FC262CA94100C8A8B0 /* Assets.xcassets */ = {isa = PBXFileReference; lastKnownFileType = folder.assetcatalog; path = Assets.xcassets; sourceTree = "<group>"; };
		1F5327FF262CA94100C8A8B0 /* Base */ = {isa = PBXFileReference; lastKnownFileType = file.storyboard; name = Base; path = Base.lproj/LaunchScreen.storyboard; sourceTree = "<group>"; };
		1F532801262CA94100C8A8B0 /* Info.plist */ = {isa = PBXFileReference; lastKnownFileType = text.plist.xml; path = Info.plist; sourceTree = "<group>"; };
		1F532809262CAA3D00C8A8B0 /* NetworkManager.swift */ = {isa = PBXFileReference; lastKnownFileType = sourcecode.swift; path = NetworkManager.swift; sourceTree = "<group>"; };
		1F53280D262CAE4800C8A8B0 /* Person.swift */ = {isa = PBXFileReference; lastKnownFileType = sourcecode.swift; path = Person.swift; sourceTree = "<group>"; };
		1F532810262CAF4500C8A8B0 /* SWAPIEnvelope.swift */ = {isa = PBXFileReference; lastKnownFileType = sourcecode.swift; path = SWAPIEnvelope.swift; sourceTree = "<group>"; };
		1F532813262CAF7800C8A8B0 /* Film.swift */ = {isa = PBXFileReference; lastKnownFileType = sourcecode.swift; path = Film.swift; sourceTree = "<group>"; };
		1F532816262CB0BC00C8A8B0 /* GenericNetworkManager.swift */ = {isa = PBXFileReference; lastKnownFileType = sourcecode.swift; path = GenericNetworkManager.swift; sourceTree = "<group>"; };
		1F53281A262CDD0F00C8A8B0 /* RegularTableView.swift */ = {isa = PBXFileReference; lastKnownFileType = sourcecode.swift; path = RegularTableView.swift; sourceTree = "<group>"; };
		1F53281E262CE1FA00C8A8B0 /* GenericTableView.swift */ = {isa = PBXFileReference; lastKnownFileType = sourcecode.swift; path = GenericTableView.swift; sourceTree = "<group>"; };
		1F532821262CE38600C8A8B0 /* PersonCell.swift */ = {isa = PBXFileReference; lastKnownFileType = sourcecode.swift; path = PersonCell.swift; sourceTree = "<group>"; };
/* End PBXFileReference section */

/* Begin PBXFrameworksBuildPhase section */
		1F5327ED262CA94000C8A8B0 /* Frameworks */ = {
			isa = PBXFrameworksBuildPhase;
			buildActionMask = 2147483647;
			files = (
			);
			runOnlyForDeploymentPostprocessing = 0;
		};
/* End PBXFrameworksBuildPhase section */

/* Begin PBXGroup section */
		1F5327E7262CA94000C8A8B0 = {
			isa = PBXGroup;
			children = (
				1F5327F2262CA94000C8A8B0 /* GenericNetworkManager */,
				1F5327F1262CA94000C8A8B0 /* Products */,
			);
			sourceTree = "<group>";
		};
		1F5327F1262CA94000C8A8B0 /* Products */ = {
			isa = PBXGroup;
			children = (
				1F5327F0262CA94000C8A8B0 /* GenericNetworkManager.app */,
			);
			name = Products;
			sourceTree = "<group>";
		};
		1F5327F2262CA94000C8A8B0 /* GenericNetworkManager */ = {
			isa = PBXGroup;
			children = (
				1F532819262CDCFE00C8A8B0 /* TableViews */,
				1F53280C262CAE1E00C8A8B0 /* Models */,
				1F532808262CAA2200C8A8B0 /* Managers */,
				1F5327F3262CA94000C8A8B0 /* AppDelegate.swift */,
				1F5327F5262CA94000C8A8B0 /* SceneDelegate.swift */,
				1F5327F7262CA94000C8A8B0 /* ViewController.swift */,
				1F5327F9262CA94000C8A8B0 /* Main.storyboard */,
				1F5327FC262CA94100C8A8B0 /* Assets.xcassets */,
				1F5327FE262CA94100C8A8B0 /* LaunchScreen.storyboard */,
				1F532801262CA94100C8A8B0 /* Info.plist */,
			);
			path = GenericNetworkManager;
			sourceTree = "<group>";
		};
		1F532808262CAA2200C8A8B0 /* Managers */ = {
			isa = PBXGroup;
			children = (
				1F532809262CAA3D00C8A8B0 /* NetworkManager.swift */,
				1F532816262CB0BC00C8A8B0 /* GenericNetworkManager.swift */,
			);
			path = Managers;
			sourceTree = "<group>";
		};
		1F53280C262CAE1E00C8A8B0 /* Models */ = {
			isa = PBXGroup;
			children = (
				1F532810262CAF4500C8A8B0 /* SWAPIEnvelope.swift */,
				1F53280D262CAE4800C8A8B0 /* Person.swift */,
				1F532813262CAF7800C8A8B0 /* Film.swift */,
			);
			path = Models;
			sourceTree = "<group>";
		};
		1F532819262CDCFE00C8A8B0 /* TableViews */ = {
			isa = PBXGroup;
			children = (
				1F53281A262CDD0F00C8A8B0 /* RegularTableView.swift */,
				1F53281E262CE1FA00C8A8B0 /* GenericTableView.swift */,
				1F532821262CE38600C8A8B0 /* PersonCell.swift */,
			);
			path = TableViews;
			sourceTree = "<group>";
		};
/* End PBXGroup section */

/* Begin PBXNativeTarget section */
		1F5327EF262CA94000C8A8B0 /* GenericNetworkManager */ = {
			isa = PBXNativeTarget;
			buildConfigurationList = 1F532804262CA94100C8A8B0 /* Build configuration list for PBXNativeTarget "GenericNetworkManager" */;
			buildPhases = (
				1F5327EC262CA94000C8A8B0 /* Sources */,
				1F5327ED262CA94000C8A8B0 /* Frameworks */,
				1F5327EE262CA94000C8A8B0 /* Resources */,
			);
			buildRules = (
			);
			dependencies = (
			);
			name = GenericNetworkManager;
			productName = GenericNetworkManager;
			productReference = 1F5327F0262CA94000C8A8B0 /* GenericNetworkManager.app */;
			productType = "com.apple.product-type.application";
		};
/* End PBXNativeTarget section */

/* Begin PBXProject section */
		1F5327E8262CA94000C8A8B0 /* Project object */ = {
			isa = PBXProject;
			attributes = {
				LastSwiftUpdateCheck = 1240;
				LastUpgradeCheck = 1240;
				TargetAttributes = {
					1F5327EF262CA94000C8A8B0 = {
						CreatedOnToolsVersion = 12.4;
					};
				};
			};
			buildConfigurationList = 1F5327EB262CA94000C8A8B0 /* Build configuration list for PBXProject "GenericNetworkManager" */;
			compatibilityVersion = "Xcode 9.3";
			developmentRegion = en;
			hasScannedForEncodings = 0;
			knownRegions = (
				en,
				Base,
			);
			mainGroup = 1F5327E7262CA94000C8A8B0;
			productRefGroup = 1F5327F1262CA94000C8A8B0 /* Products */;
			projectDirPath = "";
			projectRoot = "";
			targets = (
				1F5327EF262CA94000C8A8B0 /* GenericNetworkManager */,
			);
		};
/* End PBXProject section */

/* Begin PBXResourcesBuildPhase section */
		1F5327EE262CA94000C8A8B0 /* Resources */ = {
			isa = PBXResourcesBuildPhase;
			buildActionMask = 2147483647;
			files = (
				1F532800262CA94100C8A8B0 /* LaunchScreen.storyboard in Resources */,
				1F5327FD262CA94100C8A8B0 /* Assets.xcassets in Resources */,
				1F5327FB262CA94000C8A8B0 /* Main.storyboard in Resources */,
			);
			runOnlyForDeploymentPostprocessing = 0;
		};
/* End PBXResourcesBuildPhase section */

/* Begin PBXSourcesBuildPhase section */
		1F5327EC262CA94000C8A8B0 /* Sources */ = {
			isa = PBXSourcesBuildPhase;
			buildActionMask = 2147483647;
			files = (
				1F532817262CB0BC00C8A8B0 /* GenericNetworkManager.swift in Sources */,
				1F53280E262CAE4800C8A8B0 /* Person.swift in Sources */,
				1F53280A262CAA3D00C8A8B0 /* NetworkManager.swift in Sources */,
				1F532811262CAF4500C8A8B0 /* SWAPIEnvelope.swift in Sources */,
				1F5327F8262CA94000C8A8B0 /* ViewController.swift in Sources */,
				1F53281F262CE1FA00C8A8B0 /* GenericTableView.swift in Sources */,
				1F5327F4262CA94000C8A8B0 /* AppDelegate.swift in Sources */,
				1F532822262CE38600C8A8B0 /* PersonCell.swift in Sources */,
				1F5327F6262CA94000C8A8B0 /* SceneDelegate.swift in Sources */,
				1F53281B262CDD0F00C8A8B0 /* RegularTableView.swift in Sources */,
				1F532814262CAF7800C8A8B0 /* Film.swift in Sources */,
			);
			runOnlyForDeploymentPostprocessing = 0;
		};
/* End PBXSourcesBuildPhase section */

/* Begin PBXVariantGroup section */
		1F5327F9262CA94000C8A8B0 /* Main.storyboard */ = {
			isa = PBXVariantGroup;
			children = (
				1F5327FA262CA94000C8A8B0 /* Base */,
			);
			name = Main.storyboard;
			sourceTree = "<group>";
		};
		1F5327FE262CA94100C8A8B0 /* LaunchScreen.storyboard */ = {
			isa = PBXVariantGroup;
			children = (
				1F5327FF262CA94100C8A8B0 /* Base */,
			);
			name = LaunchScreen.storyboard;
			sourceTree = "<group>";
		};
/* End PBXVariantGroup section */

/* Begin XCBuildConfiguration section */
		1F532802262CA94100C8A8B0 /* Debug */ = {
			isa = XCBuildConfiguration;
			buildSettings = {
				ALWAYS_SEARCH_USER_PATHS = NO;
				CLANG_ANALYZER_NONNULL = YES;
				CLANG_ANALYZER_NUMBER_OBJECT_CONVERSION = YES_AGGRESSIVE;
				CLANG_CXX_LANGUAGE_STANDARD = "gnu++14";
				CLANG_CXX_LIBRARY = "libc++";
				CLANG_ENABLE_MODULES = YES;
				CLANG_ENABLE_OBJC_ARC = YES;
				CLANG_ENABLE_OBJC_WEAK = YES;
				CLANG_WARN_BLOCK_CAPTURE_AUTORELEASING = YES;
				CLANG_WARN_BOOL_CONVERSION = YES;
				CLANG_WARN_COMMA = YES;
				CLANG_WARN_CONSTANT_CONVERSION = YES;
				CLANG_WARN_DEPRECATED_OBJC_IMPLEMENTATIONS = YES;
				CLANG_WARN_DIRECT_OBJC_ISA_USAGE = YES_ERROR;
				CLANG_WARN_DOCUMENTATION_COMMENTS = YES;
				CLANG_WARN_EMPTY_BODY = YES;
				CLANG_WARN_ENUM_CONVERSION = YES;
				CLANG_WARN_INFINITE_RECURSION = YES;
				CLANG_WARN_INT_CONVERSION = YES;
				CLANG_WARN_NON_LITERAL_NULL_CONVERSION = YES;
				CLANG_WARN_OBJC_IMPLICIT_RETAIN_SELF = YES;
				CLANG_WARN_OBJC_LITERAL_CONVERSION = YES;
				CLANG_WARN_OBJC_ROOT_CLASS = YES_ERROR;
				CLANG_WARN_QUOTED_INCLUDE_IN_FRAMEWORK_HEADER = YES;
				CLANG_WARN_RANGE_LOOP_ANALYSIS = YES;
				CLANG_WARN_STRICT_PROTOTYPES = YES;
				CLANG_WARN_SUSPICIOUS_MOVE = YES;
				CLANG_WARN_UNGUARDED_AVAILABILITY = YES_AGGRESSIVE;
				CLANG_WARN_UNREACHABLE_CODE = YES;
				CLANG_WARN__DUPLICATE_METHOD_MATCH = YES;
				COPY_PHASE_STRIP = NO;
				DEBUG_INFORMATION_FORMAT = dwarf;
				ENABLE_STRICT_OBJC_MSGSEND = YES;
				ENABLE_TESTABILITY = YES;
				GCC_C_LANGUAGE_STANDARD = gnu11;
				GCC_DYNAMIC_NO_PIC = NO;
				GCC_NO_COMMON_BLOCKS = YES;
				GCC_OPTIMIZATION_LEVEL = 0;
				GCC_PREPROCESSOR_DEFINITIONS = (
					"DEBUG=1",
					"$(inherited)",
				);
				GCC_WARN_64_TO_32_BIT_CONVERSION = YES;
				GCC_WARN_ABOUT_RETURN_TYPE = YES_ERROR;
				GCC_WARN_UNDECLARED_SELECTOR = YES;
				GCC_WARN_UNINITIALIZED_AUTOS = YES_AGGRESSIVE;
				GCC_WARN_UNUSED_FUNCTION = YES;
				GCC_WARN_UNUSED_VARIABLE = YES;
				IPHONEOS_DEPLOYMENT_TARGET = 14.4;
				MTL_ENABLE_DEBUG_INFO = INCLUDE_SOURCE;
				MTL_FAST_MATH = YES;
				ONLY_ACTIVE_ARCH = YES;
				SDKROOT = iphoneos;
				SWIFT_ACTIVE_COMPILATION_CONDITIONS = DEBUG;
				SWIFT_OPTIMIZATION_LEVEL = "-Onone";
			};
			name = Debug;
		};
		1F532803262CA94100C8A8B0 /* Release */ = {
			isa = XCBuildConfiguration;
			buildSettings = {
				ALWAYS_SEARCH_USER_PATHS = NO;
				CLANG_ANALYZER_NONNULL = YES;
				CLANG_ANALYZER_NUMBER_OBJECT_CONVERSION = YES_AGGRESSIVE;
				CLANG_CXX_LANGUAGE_STANDARD = "gnu++14";
				CLANG_CXX_LIBRARY = "libc++";
				CLANG_ENABLE_MODULES = YES;
				CLANG_ENABLE_OBJC_ARC = YES;
				CLANG_ENABLE_OBJC_WEAK = YES;
				CLANG_WARN_BLOCK_CAPTURE_AUTORELEASING = YES;
				CLANG_WARN_BOOL_CONVERSION = YES;
				CLANG_WARN_COMMA = YES;
				CLANG_WARN_CONSTANT_CONVERSION = YES;
				CLANG_WARN_DEPRECATED_OBJC_IMPLEMENTATIONS = YES;
				CLANG_WARN_DIRECT_OBJC_ISA_USAGE = YES_ERROR;
				CLANG_WARN_DOCUMENTATION_COMMENTS = YES;
				CLANG_WARN_EMPTY_BODY = YES;
				CLANG_WARN_ENUM_CONVERSION = YES;
				CLANG_WARN_INFINITE_RECURSION = YES;
				CLANG_WARN_INT_CONVERSION = YES;
				CLANG_WARN_NON_LITERAL_NULL_CONVERSION = YES;
				CLANG_WARN_OBJC_IMPLICIT_RETAIN_SELF = YES;
				CLANG_WARN_OBJC_LITERAL_CONVERSION = YES;
				CLANG_WARN_OBJC_ROOT_CLASS = YES_ERROR;
				CLANG_WARN_QUOTED_INCLUDE_IN_FRAMEWORK_HEADER = YES;
				CLANG_WARN_RANGE_LOOP_ANALYSIS = YES;
				CLANG_WARN_STRICT_PROTOTYPES = YES;
				CLANG_WARN_SUSPICIOUS_MOVE = YES;
				CLANG_WARN_UNGUARDED_AVAILABILITY = YES_AGGRESSIVE;
				CLANG_WARN_UNREACHABLE_CODE = YES;
				CLANG_WARN__DUPLICATE_METHOD_MATCH = YES;
				COPY_PHASE_STRIP = NO;
				DEBUG_INFORMATION_FORMAT = "dwarf-with-dsym";
				ENABLE_NS_ASSERTIONS = NO;
				ENABLE_STRICT_OBJC_MSGSEND = YES;
				GCC_C_LANGUAGE_STANDARD = gnu11;
				GCC_NO_COMMON_BLOCKS = YES;
				GCC_WARN_64_TO_32_BIT_CONVERSION = YES;
				GCC_WARN_ABOUT_RETURN_TYPE = YES_ERROR;
				GCC_WARN_UNDECLARED_SELECTOR = YES;
				GCC_WARN_UNINITIALIZED_AUTOS = YES_AGGRESSIVE;
				GCC_WARN_UNUSED_FUNCTION = YES;
				GCC_WARN_UNUSED_VARIABLE = YES;
				IPHONEOS_DEPLOYMENT_TARGET = 14.4;
				MTL_ENABLE_DEBUG_INFO = NO;
				MTL_FAST_MATH = YES;
				SDKROOT = iphoneos;
				SWIFT_COMPILATION_MODE = wholemodule;
				SWIFT_OPTIMIZATION_LEVEL = "-O";
				VALIDATE_PRODUCT = YES;
			};
			name = Release;
		};
		1F532805262CA94100C8A8B0 /* Debug */ = {
			isa = XCBuildConfiguration;
			buildSettings = {
				ASSETCATALOG_COMPILER_APPICON_NAME = AppIcon;
				ASSETCATALOG_COMPILER_GLOBAL_ACCENT_COLOR_NAME = AccentColor;
				CODE_SIGN_STYLE = Automatic;
				DEVELOPMENT_TEAM = 473KF38NFB;
				INFOPLIST_FILE = GenericNetworkManager/Info.plist;
				LD_RUNPATH_SEARCH_PATHS = (
					"$(inherited)",
					"@executable_path/Frameworks",
				);
				PRODUCT_BUNDLE_IDENTIFIER = com.kevintopollaj.GenericNetworkManager;
				PRODUCT_NAME = "$(TARGET_NAME)";
				SWIFT_VERSION = 5.0;
				TARGETED_DEVICE_FAMILY = "1,2";
			};
			name = Debug;
		};
		1F532806262CA94100C8A8B0 /* Release */ = {
			isa = XCBuildConfiguration;
			buildSettings = {
				ASSETCATALOG_COMPILER_APPICON_NAME = AppIcon;
				ASSETCATALOG_COMPILER_GLOBAL_ACCENT_COLOR_NAME = AccentColor;
				CODE_SIGN_STYLE = Automatic;
				DEVELOPMENT_TEAM = 473KF38NFB;
				INFOPLIST_FILE = GenericNetworkManager/Info.plist;
				LD_RUNPATH_SEARCH_PATHS = (
					"$(inherited)",
					"@executable_path/Frameworks",
				);
				PRODUCT_BUNDLE_IDENTIFIER = com.kevintopollaj.GenericNetworkManager;
				PRODUCT_NAME = "$(TARGET_NAME)";
				SWIFT_VERSION = 5.0;
				TARGETED_DEVICE_FAMILY = "1,2";
			};
			name = Release;
		};
/* End XCBuildConfiguration section */

/* Begin XCConfigurationList section */
		1F5327EB262CA94000C8A8B0 /* Build configuration list for PBXProject "GenericNetworkManager" */ = {
			isa = XCConfigurationList;
			buildConfigurations = (
				1F532802262CA94100C8A8B0 /* Debug */,
				1F532803262CA94100C8A8B0 /* Release */,
			);
			defaultConfigurationIsVisible = 0;
			defaultConfigurationName = Release;
		};
		1F532804262CA94100C8A8B0 /* Build configuration list for PBXNativeTarget "GenericNetworkManager" */ = {
			isa = XCConfigurationList;
			buildConfigurations = (
				1F532805262CA94100C8A8B0 /* Debug */,
				1F532806262CA94100C8A8B0 /* Release */,
			);
			defaultConfigurationIsVisible = 0;
			defaultConfigurationName = Release;
		};
/* End XCConfigurationList section */
	};
	rootObject = 1F5327E8262CA94000C8A8B0 /* Project object */;
}
